// !$*UTF8*$!
{
	archiveVersion = 1;
	classes = {
	};
	objectVersion = 56;
	objects = {

/* Begin PBXBuildFile section */
		5DDFBC062AA35C5F00B026DD /* AppDelegate.swift in Sources */ = {isa = PBXBuildFile; fileRef = 5DDFBC052AA35C5F00B026DD /* AppDelegate.swift */; };
		5DDFBC082AA35C5F00B026DD /* SceneDelegate.swift in Sources */ = {isa = PBXBuildFile; fileRef = 5DDFBC072AA35C5F00B026DD /* SceneDelegate.swift */; };
		5DDFBC0A2AA35C5F00B026DD /* ViewController.swift in Sources */ = {isa = PBXBuildFile; fileRef = 5DDFBC092AA35C5F00B026DD /* ViewController.swift */; };
		5DDFBC0D2AA35C5F00B026DD /* Main.storyboard in Resources */ = {isa = PBXBuildFile; fileRef = 5DDFBC0B2AA35C5F00B026DD /* Main.storyboard */; };
		5DDFBC0F2AA35C6300B026DD /* Assets.xcassets in Resources */ = {isa = PBXBuildFile; fileRef = 5DDFBC0E2AA35C6300B026DD /* Assets.xcassets */; };
		5DDFBC122AA35C6300B026DD /* LaunchScreen.storyboard in Resources */ = {isa = PBXBuildFile; fileRef = 5DDFBC102AA35C6300B026DD /* LaunchScreen.storyboard */; };
		5DDFBC1D2AA35C6400B026DD /* asTests.swift in Sources */ = {isa = PBXBuildFile; fileRef = 5DDFBC1C2AA35C6400B026DD /* asTests.swift */; };
		5DDFBC272AA35C6400B026DD /* asUITests.swift in Sources */ = {isa = PBXBuildFile; fileRef = 5DDFBC262AA35C6400B026DD /* asUITests.swift */; };
		5DDFBC292AA35C6400B026DD /* asUITestsLaunchTests.swift in Sources */ = {isa = PBXBuildFile; fileRef = 5DDFBC282AA35C6400B026DD /* asUITestsLaunchTests.swift */; };
/* End PBXBuildFile section */

/* Begin PBXContainerItemProxy section */
		5DDFBC192AA35C6300B026DD /* PBXContainerItemProxy */ = {
			isa = PBXContainerItemProxy;
			containerPortal = 5DDFBBFA2AA35C5F00B026DD /* Project object */;
			proxyType = 1;
			remoteGlobalIDString = 5DDFBC012AA35C5F00B026DD;
			remoteInfo = as;
		};
		5DDFBC232AA35C6400B026DD /* PBXContainerItemProxy */ = {
			isa = PBXContainerItemProxy;
			containerPortal = 5DDFBBFA2AA35C5F00B026DD /* Project object */;
			proxyType = 1;
			remoteGlobalIDString = 5DDFBC012AA35C5F00B026DD;
			remoteInfo = as;
		};
/* End PBXContainerItemProxy section */

/* Begin PBXFileReference section */
		5DDFBC022AA35C5F00B026DD /* as.app */ = {isa = PBXFileReference; explicitFileType = wrapper.application; includeInIndex = 0; path = as.app; sourceTree = BUILT_PRODUCTS_DIR; };
		5DDFBC052AA35C5F00B026DD /* AppDelegate.swift */ = {isa = PBXFileReference; lastKnownFileType = sourcecode.swift; path = AppDelegate.swift; sourceTree = "<group>"; };
		5DDFBC072AA35C5F00B026DD /* SceneDelegate.swift */ = {isa = PBXFileReference; lastKnownFileType = sourcecode.swift; path = SceneDelegate.swift; sourceTree = "<group>"; };
		5DDFBC092AA35C5F00B026DD /* ViewController.swift */ = {isa = PBXFileReference; lastKnownFileType = sourcecode.swift; path = ViewController.swift; sourceTree = "<group>"; };
		5DDFBC0C2AA35C5F00B026DD /* Base */ = {isa = PBXFileReference; lastKnownFileType = file.storyboard; name = Base; path = Base.lproj/Main.storyboard; sourceTree = "<group>"; };
		5DDFBC0E2AA35C6300B026DD /* Assets.xcassets */ = {isa = PBXFileReference; lastKnownFileType = folder.assetcatalog; path = Assets.xcassets; sourceTree = "<group>"; };
		5DDFBC112AA35C6300B026DD /* Base */ = {isa = PBXFileReference; lastKnownFileType = file.storyboard; name = Base; path = Base.lproj/LaunchScreen.storyboard; sourceTree = "<group>"; };
		5DDFBC132AA35C6300B026DD /* Info.plist */ = {isa = PBXFileReference; lastKnownFileType = text.plist.xml; path = Info.plist; sourceTree = "<group>"; };
		5DDFBC182AA35C6300B026DD /* asTests.xctest */ = {isa = PBXFileReference; explicitFileType = wrapper.cfbundle; includeInIndex = 0; path = asTests.xctest; sourceTree = BUILT_PRODUCTS_DIR; };
		5DDFBC1C2AA35C6400B026DD /* asTests.swift */ = {isa = PBXFileReference; lastKnownFileType = sourcecode.swift; path = asTests.swift; sourceTree = "<group>"; };
		5DDFBC222AA35C6400B026DD /* asUITests.xctest */ = {isa = PBXFileReference; explicitFileType = wrapper.cfbundle; includeInIndex = 0; path = asUITests.xctest; sourceTree = BUILT_PRODUCTS_DIR; };
		5DDFBC262AA35C6400B026DD /* asUITests.swift */ = {isa = PBXFileReference; lastKnownFileType = sourcecode.swift; path = asUITests.swift; sourceTree = "<group>"; };
		5DDFBC282AA35C6400B026DD /* asUITestsLaunchTests.swift */ = {isa = PBXFileReference; lastKnownFileType = sourcecode.swift; path = asUITestsLaunchTests.swift; sourceTree = "<group>"; };
/* End PBXFileReference section */

/* Begin PBXFrameworksBuildPhase section */
		5DDFBBFF2AA35C5F00B026DD /* Frameworks */ = {
			isa = PBXFrameworksBuildPhase;
			buildActionMask = 2147483647;
			files = (
			);
			runOnlyForDeploymentPostprocessing = 0;
		};
		5DDFBC152AA35C6300B026DD /* Frameworks */ = {
			isa = PBXFrameworksBuildPhase;
			buildActionMask = 2147483647;
			files = (
			);
			runOnlyForDeploymentPostprocessing = 0;
		};
		5DDFBC1F2AA35C6400B026DD /* Frameworks */ = {
			isa = PBXFrameworksBuildPhase;
			buildActionMask = 2147483647;
			files = (
			);
			runOnlyForDeploymentPostprocessing = 0;
		};
/* End PBXFrameworksBuildPhase section */

/* Begin PBXGroup section */
		5DDFBBF92AA35C5F00B026DD = {
			isa = PBXGroup;
			children = (
				5DDFBC042AA35C5F00B026DD /* as */,
				5DDFBC1B2AA35C6300B026DD /* asTests */,
				5DDFBC252AA35C6400B026DD /* asUITests */,
				5DDFBC032AA35C5F00B026DD /* Products */,
			);
			sourceTree = "<group>";
		};
		5DDFBC032AA35C5F00B026DD /* Products */ = {
			isa = PBXGroup;
			children = (
				5DDFBC022AA35C5F00B026DD /* as.app */,
				5DDFBC182AA35C6300B026DD /* asTests.xctest */,
				5DDFBC222AA35C6400B026DD /* asUITests.xctest */,
			);
			name = Products;
			sourceTree = "<group>";
		};
		5DDFBC042AA35C5F00B026DD /* as */ = {
			isa = PBXGroup;
			children = (
				5DDFBC052AA35C5F00B026DD /* AppDelegate.swift */,
				5DDFBC072AA35C5F00B026DD /* SceneDelegate.swift */,
				5DDFBC092AA35C5F00B026DD /* ViewController.swift */,
				5DDFBC0B2AA35C5F00B026DD /* Main.storyboard */,
				5DDFBC0E2AA35C6300B026DD /* Assets.xcassets */,
				5DDFBC102AA35C6300B026DD /* LaunchScreen.storyboard */,
				5DDFBC132AA35C6300B026DD /* Info.plist */,
			);
			path = as;
			sourceTree = "<group>";
		};
		5DDFBC1B2AA35C6300B026DD /* asTests */ = {
			isa = PBXGroup;
			children = (
				5DDFBC1C2AA35C6400B026DD /* asTests.swift */,
			);
			path = asTests;
			sourceTree = "<group>";
		};
		5DDFBC252AA35C6400B026DD /* asUITests */ = {
			isa = PBXGroup;
			children = (
				5DDFBC262AA35C6400B026DD /* asUITests.swift */,
				5DDFBC282AA35C6400B026DD /* asUITestsLaunchTests.swift */,
			);
			path = asUITests;
			sourceTree = "<group>";
		};
/* End PBXGroup section */

/* Begin PBXNativeTarget section */
		5DDFBC012AA35C5F00B026DD /* as */ = {
			isa = PBXNativeTarget;
			buildConfigurationList = 5DDFBC2C2AA35C6400B026DD /* Build configuration list for PBXNativeTarget "as" */;
			buildPhases = (
				5DDFBBFE2AA35C5F00B026DD /* Sources */,
				5DDFBBFF2AA35C5F00B026DD /* Frameworks */,
				5DDFBC002AA35C5F00B026DD /* Resources */,
			);
			buildRules = (
			);
			dependencies = (
			);
			name = as;
			productName = as;
			productReference = 5DDFBC022AA35C5F00B026DD /* as.app */;
			productType = "com.apple.product-type.application";
		};
		5DDFBC172AA35C6300B026DD /* asTests */ = {
			isa = PBXNativeTarget;
			buildConfigurationList = 5DDFBC2F2AA35C6400B026DD /* Build configuration list for PBXNativeTarget "asTests" */;
			buildPhases = (
				5DDFBC142AA35C6300B026DD /* Sources */,
				5DDFBC152AA35C6300B026DD /* Frameworks */,
				5DDFBC162AA35C6300B026DD /* Resources */,
			);
			buildRules = (
			);
			dependencies = (
				5DDFBC1A2AA35C6300B026DD /* PBXTargetDependency */,
			);
			name = asTests;
			productName = asTests;
			productReference = 5DDFBC182AA35C6300B026DD /* asTests.xctest */;
			productType = "com.apple.product-type.bundle.unit-test";
		};
		5DDFBC212AA35C6400B026DD /* asUITests */ = {
			isa = PBXNativeTarget;
			buildConfigurationList = 5DDFBC322AA35C6400B026DD /* Build configuration list for PBXNativeTarget "asUITests" */;
			buildPhases = (
				5DDFBC1E2AA35C6400B026DD /* Sources */,
				5DDFBC1F2AA35C6400B026DD /* Frameworks */,
				5DDFBC202AA35C6400B026DD /* Resources */,
			);
			buildRules = (
			);
			dependencies = (
				5DDFBC242AA35C6400B026DD /* PBXTargetDependency */,
			);
			name = asUITests;
			productName = asUITests;
			productReference = 5DDFBC222AA35C6400B026DD /* asUITests.xctest */;
			productType = "com.apple.product-type.bundle.ui-testing";
		};
/* End PBXNativeTarget section */

/* Begin PBXProject section */
		5DDFBBFA2AA35C5F00B026DD /* Project object */ = {
			isa = PBXProject;
			attributes = {
				BuildIndependentTargetsInParallel = 1;
				LastSwiftUpdateCheck = 1420;
				LastUpgradeCheck = 1420;
				TargetAttributes = {
					5DDFBC012AA35C5F00B026DD = {
						CreatedOnToolsVersion = 14.2;
					};
					5DDFBC172AA35C6300B026DD = {
						CreatedOnToolsVersion = 14.2;
						TestTargetID = 5DDFBC012AA35C5F00B026DD;
					};
					5DDFBC212AA35C6400B026DD = {
						CreatedOnToolsVersion = 14.2;
						TestTargetID = 5DDFBC012AA35C5F00B026DD;
					};
				};
			};
			buildConfigurationList = 5DDFBBFD2AA35C5F00B026DD /* Build configuration list for PBXProject "as" */;
			compatibilityVersion = "Xcode 14.0";
			developmentRegion = en;
			hasScannedForEncodings = 0;
			knownRegions = (
				en,
				Base,
			);
			mainGroup = 5DDFBBF92AA35C5F00B026DD;
			productRefGroup = 5DDFBC032AA35C5F00B026DD /* Products */;
			projectDirPath = "";
			projectRoot = "";
			targets = (
				5DDFBC012AA35C5F00B026DD /* as */,
				5DDFBC172AA35C6300B026DD /* asTests */,
				5DDFBC212AA35C6400B026DD /* asUITests */,
			);
		};
/* End PBXProject section */

/* Begin PBXResourcesBuildPhase section */
		5DDFBC002AA35C5F00B026DD /* Resources */ = {
			isa = PBXResourcesBuildPhase;
			buildActionMask = 2147483647;
			files = (
				5DDFBC122AA35C6300B026DD /* LaunchScreen.storyboard in Resources */,
				5DDFBC0F2AA35C6300B026DD /* Assets.xcassets in Resources */,
				5DDFBC0D2AA35C5F00B026DD /* Main.storyboard in Resources */,
			);
			runOnlyForDeploymentPostprocessing = 0;
		};
		5DDFBC162AA35C6300B026DD /* Resources */ = {
			isa = PBXResourcesBuildPhase;
			buildActionMask = 2147483647;
			files = (
			);
			runOnlyForDeploymentPostprocessing = 0;
		};
		5DDFBC202AA35C6400B026DD /* Resources */ = {
			isa = PBXResourcesBuildPhase;
			buildActionMask = 2147483647;
			files = (
			);
			runOnlyForDeploymentPostprocessing = 0;
		};
/* End PBXResourcesBuildPhase section */

/* Begin PBXSourcesBuildPhase section */
		5DDFBBFE2AA35C5F00B026DD /* Sources */ = {
			isa = PBXSourcesBuildPhase;
			buildActionMask = 2147483647;
			files = (
				5DDFBC0A2AA35C5F00B026DD /* ViewController.swift in Sources */,
				5DDFBC062AA35C5F00B026DD /* AppDelegate.swift in Sources */,
				5DDFBC082AA35C5F00B026DD /* SceneDelegate.swift in Sources */,
			);
			runOnlyForDeploymentPostprocessing = 0;
		};
		5DDFBC142AA35C6300B026DD /* Sources */ = {
			isa = PBXSourcesBuildPhase;
			buildActionMask = 2147483647;
			files = (
				5DDFBC1D2AA35C6400B026DD /* asTests.swift in Sources */,
			);
			runOnlyForDeploymentPostprocessing = 0;
		};
		5DDFBC1E2AA35C6400B026DD /* Sources */ = {
			isa = PBXSourcesBuildPhase;
			buildActionMask = 2147483647;
			files = (
				5DDFBC292AA35C6400B026DD /* asUITestsLaunchTests.swift in Sources */,
				5DDFBC272AA35C6400B026DD /* asUITests.swift in Sources */,
			);
			runOnlyForDeploymentPostprocessing = 0;
		};
/* End PBXSourcesBuildPhase section */

/* Begin PBXTargetDependency section */
		5DDFBC1A2AA35C6300B026DD /* PBXTargetDependency */ = {
			isa = PBXTargetDependency;
			target = 5DDFBC012AA35C5F00B026DD /* as */;
			targetProxy = 5DDFBC192AA35C6300B026DD /* PBXContainerItemProxy */;
		};
		5DDFBC242AA35C6400B026DD /* PBXTargetDependency */ = {
			isa = PBXTargetDependency;
			target = 5DDFBC012AA35C5F00B026DD /* as */;
			targetProxy = 5DDFBC232AA35C6400B026DD /* PBXContainerItemProxy */;
		};
/* End PBXTargetDependency section */

/* Begin PBXVariantGroup section */
		5DDFBC0B2AA35C5F00B026DD /* Main.storyboard */ = {
			isa = PBXVariantGroup;
			children = (
				5DDFBC0C2AA35C5F00B026DD /* Base */,
			);
			name = Main.storyboard;
			sourceTree = "<group>";
		};
		5DDFBC102AA35C6300B026DD /* LaunchScreen.storyboard */ = {
			isa = PBXVariantGroup;
			children = (
				5DDFBC112AA35C6300B026DD /* Base */,
			);
			name = LaunchScreen.storyboard;
			sourceTree = "<group>";
		};
/* End PBXVariantGroup section */

/* Begin XCBuildConfiguration section */
		5DDFBC2A2AA35C6400B026DD /* Debug */ = {
			isa = XCBuildConfiguration;
			buildSettings = {
				ALWAYS_SEARCH_USER_PATHS = NO;
				CLANG_ANALYZER_NONNULL = YES;
				CLANG_ANALYZER_NUMBER_OBJECT_CONVERSION = YES_AGGRESSIVE;
				CLANG_CXX_LANGUAGE_STANDARD = "gnu++20";
				CLANG_ENABLE_MODULES = YES;
				CLANG_ENABLE_OBJC_ARC = YES;
				CLANG_ENABLE_OBJC_WEAK = YES;
				CLANG_WARN_BLOCK_CAPTURE_AUTORELEASING = YES;
				CLANG_WARN_BOOL_CONVERSION = YES;
				CLANG_WARN_COMMA = YES;
				CLANG_WARN_CONSTANT_CONVERSION = YES;
				CLANG_WARN_DEPRECATED_OBJC_IMPLEMENTATIONS = YES;
				CLANG_WARN_DIRECT_OBJC_ISA_USAGE = YES_ERROR;
				CLANG_WARN_DOCUMENTATION_COMMENTS = YES;
				CLANG_WARN_EMPTY_BODY = YES;
				CLANG_WARN_ENUM_CONVERSION = YES;
				CLANG_WARN_INFINITE_RECURSION = YES;
				CLANG_WARN_INT_CONVERSION = YES;
				CLANG_WARN_NON_LITERAL_NULL_CONVERSION = YES;
				CLANG_WARN_OBJC_IMPLICIT_RETAIN_SELF = YES;
				CLANG_WARN_OBJC_LITERAL_CONVERSION = YES;
				CLANG_WARN_OBJC_ROOT_CLASS = YES_ERROR;
				CLANG_WARN_QUOTED_INCLUDE_IN_FRAMEWORK_HEADER = YES;
				CLANG_WARN_RANGE_LOOP_ANALYSIS = YES;
				CLANG_WARN_STRICT_PROTOTYPES = YES;
				CLANG_WARN_SUSPICIOUS_MOVE = YES;
				CLANG_WARN_UNGUARDED_AVAILABILITY = YES_AGGRESSIVE;
				CLANG_WARN_UNREACHABLE_CODE = YES;
				CLANG_WARN__DUPLICATE_METHOD_MATCH = YES;
				COPY_PHASE_STRIP = NO;
				DEBUG_INFORMATION_FORMAT = dwarf;
				ENABLE_STRICT_OBJC_MSGSEND = YES;
				ENABLE_TESTABILITY = YES;
				GCC_C_LANGUAGE_STANDARD = gnu11;
				GCC_DYNAMIC_NO_PIC = NO;
				GCC_NO_COMMON_BLOCKS = YES;
				GCC_OPTIMIZATION_LEVEL = 0;
				GCC_PREPROCESSOR_DEFINITIONS = (
					"DEBUG=1",
					"$(inherited)",
				);
				GCC_WARN_64_TO_32_BIT_CONVERSION = YES;
				GCC_WARN_ABOUT_RETURN_TYPE = YES_ERROR;
				GCC_WARN_UNDECLARED_SELECTOR = YES;
				GCC_WARN_UNINITIALIZED_AUTOS = YES_AGGRESSIVE;
				GCC_WARN_UNUSED_FUNCTION = YES;
				GCC_WARN_UNUSED_VARIABLE = YES;
				IPHONEOS_DEPLOYMENT_TARGET = 16.2;
				MTL_ENABLE_DEBUG_INFO = INCLUDE_SOURCE;
				MTL_FAST_MATH = YES;
				ONLY_ACTIVE_ARCH = YES;
				SDKROOT = iphoneos;
				SWIFT_ACTIVE_COMPILATION_CONDITIONS = DEBUG;
				SWIFT_OPTIMIZATION_LEVEL = "-Onone";
			};
			name = Debug;
		};
		5DDFBC2B2AA35C6400B026DD /* Release */ = {
			isa = XCBuildConfiguration;
			buildSettings = {
				ALWAYS_SEARCH_USER_PATHS = NO;
				CLANG_ANALYZER_NONNULL = YES;
				CLANG_ANALYZER_NUMBER_OBJECT_CONVERSION = YES_AGGRESSIVE;
				CLANG_CXX_LANGUAGE_STANDARD = "gnu++20";
				CLANG_ENABLE_MODULES = YES;
				CLANG_ENABLE_OBJC_ARC = YES;
				CLANG_ENABLE_OBJC_WEAK = YES;
				CLANG_WARN_BLOCK_CAPTURE_AUTORELEASING = YES;
				CLANG_WARN_BOOL_CONVERSION = YES;
				CLANG_WARN_COMMA = YES;
				CLANG_WARN_CONSTANT_CONVERSION = YES;
				CLANG_WARN_DEPRECATED_OBJC_IMPLEMENTATIONS = YES;
				CLANG_WARN_DIRECT_OBJC_ISA_USAGE = YES_ERROR;
				CLANG_WARN_DOCUMENTATION_COMMENTS = YES;
				CLANG_WARN_EMPTY_BODY = YES;
				CLANG_WARN_ENUM_CONVERSION = YES;
				CLANG_WARN_INFINITE_RECURSION = YES;
				CLANG_WARN_INT_CONVERSION = YES;
				CLANG_WARN_NON_LITERAL_NULL_CONVERSION = YES;
				CLANG_WARN_OBJC_IMPLICIT_RETAIN_SELF = YES;
				CLANG_WARN_OBJC_LITERAL_CONVERSION = YES;
				CLANG_WARN_OBJC_ROOT_CLASS = YES_ERROR;
				CLANG_WARN_QUOTED_INCLUDE_IN_FRAMEWORK_HEADER = YES;
				CLANG_WARN_RANGE_LOOP_ANALYSIS = YES;
				CLANG_WARN_STRICT_PROTOTYPES = YES;
				CLANG_WARN_SUSPICIOUS_MOVE = YES;
				CLANG_WARN_UNGUARDED_AVAILABILITY = YES_AGGRESSIVE;
				CLANG_WARN_UNREACHABLE_CODE = YES;
				CLANG_WARN__DUPLICATE_METHOD_MATCH = YES;
				COPY_PHASE_STRIP = NO;
				DEBUG_INFORMATION_FORMAT = "dwarf-with-dsym";
				ENABLE_NS_ASSERTIONS = NO;
				ENABLE_STRICT_OBJC_MSGSEND = YES;
				GCC_C_LANGUAGE_STANDARD = gnu11;
				GCC_NO_COMMON_BLOCKS = YES;
				GCC_WARN_64_TO_32_BIT_CONVERSION = YES;
				GCC_WARN_ABOUT_RETURN_TYPE = YES_ERROR;
				GCC_WARN_UNDECLARED_SELECTOR = YES;
				GCC_WARN_UNINITIALIZED_AUTOS = YES_AGGRESSIVE;
				GCC_WARN_UNUSED_FUNCTION = YES;
				GCC_WARN_UNUSED_VARIABLE = YES;
				IPHONEOS_DEPLOYMENT_TARGET = 16.2;
				MTL_ENABLE_DEBUG_INFO = NO;
				MTL_FAST_MATH = YES;
				SDKROOT = iphoneos;
				SWIFT_COMPILATION_MODE = wholemodule;
				SWIFT_OPTIMIZATION_LEVEL = "-O";
				VALIDATE_PRODUCT = YES;
			};
			name = Release;
		};
		5DDFBC2D2AA35C6400B026DD /* Debug */ = {
			isa = XCBuildConfiguration;
			buildSettings = {
				ASSETCATALOG_COMPILER_APPICON_NAME = AppIcon;
				ASSETCATALOG_COMPILER_GLOBAL_ACCENT_COLOR_NAME = AccentColor;
				CODE_SIGN_STYLE = Automatic;
				CURRENT_PROJECT_VERSION = 1;
				DEVELOPMENT_TEAM = RQ9DN8WL4A;
				GENERATE_INFOPLIST_FILE = YES;
				INFOPLIST_FILE = as/Info.plist;
				INFOPLIST_KEY_UIApplicationSupportsIndirectInputEvents = YES;
				INFOPLIST_KEY_UILaunchStoryboardName = LaunchScreen;
				INFOPLIST_KEY_UIMainStoryboardFile = Main;
				INFOPLIST_KEY_UISupportedInterfaceOrientations_iPad = "UIInterfaceOrientationPortrait UIInterfaceOrientationPortraitUpsideDown UIInterfaceOrientationLandscapeLeft UIInterfaceOrientationLandscapeRight";
				INFOPLIST_KEY_UISupportedInterfaceOrientations_iPhone = "UIInterfaceOrientationPortrait UIInterfaceOrientationLandscapeLeft UIInterfaceOrientationLandscapeRight";
				LD_RUNPATH_SEARCH_PATHS = (
					"$(inherited)",
					"@executable_path/Frameworks",
				);
				MARKETING_VERSION = 1.0;
				PRODUCT_BUNDLE_IDENTIFIER = co.com.as;
				PRODUCT_NAME = "$(TARGET_NAME)";
				SWIFT_EMIT_LOC_STRINGS = YES;
				SWIFT_VERSION = 5.0;
				TARGETED_DEVICE_FAMILY = "1,2";
			};
			name = Debug;
		};
		5DDFBC2E2AA35C6400B026DD /* Release */ = {
			isa = XCBuildConfiguration;
			buildSettings = {
				ASSETCATALOG_COMPILER_APPICON_NAME = AppIcon;
				ASSETCATALOG_COMPILER_GLOBAL_ACCENT_COLOR_NAME = AccentColor;
				CODE_SIGN_STYLE = Automatic;
				CURRENT_PROJECT_VERSION = 1;
				DEVELOPMENT_TEAM = RQ9DN8WL4A;
				GENERATE_INFOPLIST_FILE = YES;
				INFOPLIST_FILE = as/Info.plist;
				INFOPLIST_KEY_UIApplicationSupportsIndirectInputEvents = YES;
				INFOPLIST_KEY_UILaunchStoryboardName = LaunchScreen;
				INFOPLIST_KEY_UIMainStoryboardFile = Main;
				INFOPLIST_KEY_UISupportedInterfaceOrientations_iPad = "UIInterfaceOrientationPortrait UIInterfaceOrientationPortraitUpsideDown UIInterfaceOrientationLandscapeLeft UIInterfaceOrientationLandscapeRight";
				INFOPLIST_KEY_UISupportedInterfaceOrientations_iPhone = "UIInterfaceOrientationPortrait UIInterfaceOrientationLandscapeLeft UIInterfaceOrientationLandscapeRight";
				LD_RUNPATH_SEARCH_PATHS = (
					"$(inherited)",
					"@executable_path/Frameworks",
				);
				MARKETING_VERSION = 1.0;
				PRODUCT_BUNDLE_IDENTIFIER = co.com.as;
				PRODUCT_NAME = "$(TARGET_NAME)";
				SWIFT_EMIT_LOC_STRINGS = YES;
				SWIFT_VERSION = 5.0;
				TARGETED_DEVICE_FAMILY = "1,2";
			};
			name = Release;
		};
		5DDFBC302AA35C6400B026DD /* Debug */ = {
			isa = XCBuildConfiguration;
			buildSettings = {
				ALWAYS_EMBED_SWIFT_STANDARD_LIBRARIES = YES;
				BUNDLE_LOADER = "$(TEST_HOST)";
				CODE_SIGN_STYLE = Automatic;
				CURRENT_PROJECT_VERSION = 1;
				DEVELOPMENT_TEAM = RQ9DN8WL4A;
				GENERATE_INFOPLIST_FILE = YES;
				IPHONEOS_DEPLOYMENT_TARGET = 16.2;
				MARKETING_VERSION = 1.0;
				PRODUCT_BUNDLE_IDENTIFIER = co.com.asTests;
				PRODUCT_NAME = "$(TARGET_NAME)";
				SWIFT_EMIT_LOC_STRINGS = NO;
				SWIFT_VERSION = 5.0;
				TARGETED_DEVICE_FAMILY = "1,2";
				TEST_HOST = "$(BUILT_PRODUCTS_DIR)/as.app/$(BUNDLE_EXECUTABLE_FOLDER_PATH)/as";
			};
			name = Debug;
		};
		5DDFBC312AA35C6400B026DD /* Release */ = {
			isa = XCBuildConfiguration;
			buildSettings = {
				ALWAYS_EMBED_SWIFT_STANDARD_LIBRARIES = YES;
				BUNDLE_LOADER = "$(TEST_HOST)";
				CODE_SIGN_STYLE = Automatic;
				CURRENT_PROJECT_VERSION = 1;
				DEVELOPMENT_TEAM = RQ9DN8WL4A;
				GENERATE_INFOPLIST_FILE = YES;
				IPHONEOS_DEPLOYMENT_TARGET = 16.2;
				MARKETING_VERSION = 1.0;
				PRODUCT_BUNDLE_IDENTIFIER = co.com.asTests;
				PRODUCT_NAME = "$(TARGET_NAME)";
				SWIFT_EMIT_LOC_STRINGS = NO;
				SWIFT_VERSION = 5.0;
				TARGETED_DEVICE_FAMILY = "1,2";
				TEST_HOST = "$(BUILT_PRODUCTS_DIR)/as.app/$(BUNDLE_EXECUTABLE_FOLDER_PATH)/as";
			};
			name = Release;
		};
		5DDFBC332AA35C6400B026DD /* Debug */ = {
			isa = XCBuildConfiguration;
			buildSettings = {
				ALWAYS_EMBED_SWIFT_STANDARD_LIBRARIES = YES;
				CODE_SIGN_STYLE = Automatic;
				CURRENT_PROJECT_VERSION = 1;
				DEVELOPMENT_TEAM = RQ9DN8WL4A;
				GENERATE_INFOPLIST_FILE = YES;
				MARKETING_VERSION = 1.0;
				PRODUCT_BUNDLE_IDENTIFIER = co.com.asUITests;
				PRODUCT_NAME = "$(TARGET_NAME)";
				SWIFT_EMIT_LOC_STRINGS = NO;
				SWIFT_VERSION = 5.0;
				TARGETED_DEVICE_FAMILY = "1,2";
				TEST_TARGET_NAME = as;
			};
			name = Debug;
		};
		5DDFBC342AA35C6400B026DD /* Release */ = {
			isa = XCBuildConfiguration;
			buildSettings = {
				ALWAYS_EMBED_SWIFT_STANDARD_LIBRARIES = YES;
				CODE_SIGN_STYLE = Automatic;
				CURRENT_PROJECT_VERSION = 1;
				DEVELOPMENT_TEAM = RQ9DN8WL4A;
				GENERATE_INFOPLIST_FILE = YES;
				MARKETING_VERSION = 1.0;
				PRODUCT_BUNDLE_IDENTIFIER = co.com.asUITests;
				PRODUCT_NAME = "$(TARGET_NAME)";
				SWIFT_EMIT_LOC_STRINGS = NO;
				SWIFT_VERSION = 5.0;
				TARGETED_DEVICE_FAMILY = "1,2";
				TEST_TARGET_NAME = as;
			};
			name = Release;
		};
/* End XCBuildConfiguration section */

/* Begin XCConfigurationList section */
		5DDFBBFD2AA35C5F00B026DD /* Build configuration list for PBXProject "as" */ = {
			isa = XCConfigurationList;
			buildConfigurations = (
				5DDFBC2A2AA35C6400B026DD /* Debug */,
				5DDFBC2B2AA35C6400B026DD /* Release */,
			);
			defaultConfigurationIsVisible = 0;
			defaultConfigurationName = Release;
		};
		5DDFBC2C2AA35C6400B026DD /* Build configuration list for PBXNativeTarget "as" */ = {
			isa = XCConfigurationList;
			buildConfigurations = (
				5DDFBC2D2AA35C6400B026DD /* Debug */,
				5DDFBC2E2AA35C6400B026DD /* Release */,
			);
			defaultConfigurationIsVisible = 0;
			defaultConfigurationName = Release;
		};
		5DDFBC2F2AA35C6400B026DD /* Build configuration list for PBXNativeTarget "asTests" */ = {
			isa = XCConfigurationList;
			buildConfigurations = (
				5DDFBC302AA35C6400B026DD /* Debug */,
				5DDFBC312AA35C6400B026DD /* Release */,
			);
			defaultConfigurationIsVisible = 0;
			defaultConfigurationName = Release;
		};
		5DDFBC322AA35C6400B026DD /* Build configuration list for PBXNativeTarget "asUITests" */ = {
			isa = XCConfigurationList;
			buildConfigurations = (
				5DDFBC332AA35C6400B026DD /* Debug */,
				5DDFBC342AA35C6400B026DD /* Release */,
			);
			defaultConfigurationIsVisible = 0;
			defaultConfigurationName = Release;
		};
/* End XCConfigurationList section */
	};
	rootObject = 5DDFBBFA2AA35C5F00B026DD /* Project object */;
}
